
Microsoft Visual Studio Solution File, Format Version 10.00
# Visual Studio 2008
Project("{8BC9CEB8-8B4A-11D0-8D11-00A0C91BC942}") = "MxWrapperTest", "MxWrapperTest\MxWrapperTest.vcproj", "{2F6B92CF-46A6-40AC-82B7-8AAA41924C2C}"
EndProject
Global
	GlobalSection(SolutionConfigurationPlatforms) = preSolution
		Debug|Win32 = Debug|Win32
		Release|Win32 = Release|Win32
	EndGlobalSection
	GlobalSection(ProjectConfigurationPlatforms) = postSolution
		{2F6B92CF-46A6-40AC-82B7-8AAA41924C2C}.Debug|Win32.ActiveCfg = Debug|Win32
		{2F6B92CF-46A6-40AC-82B7-8AAA41924C2C}.Debug|Win32.Build.0 = Debug|Win32
		{2F6B92CF-46A6-40AC-82B7-8AAA41924C2C}.Release|Win32.ActiveCfg = Release|Win32
		{2F6B92CF-46A6-40AC-82B7-8AAA41924C2C}.Release|Win32.Build.0 = Release|Win32
	EndGlobalSection
	GlobalSection(SolutionProperties) = preSolution
		HideSolutionNode = FALSE
	EndGlobalSection
EndGlobal
